// !$*UTF8*$!
{
	archiveVersion = 1;
	classes = {
	};
	objectVersion = 77;
	objects = {

/* Begin PBXBuildFile section */
		0D2A35827745D30FCE8E60FC /* CompanyModels.swift in Sources */ = {isa = PBXBuildFile; fileRef = 2E1ACF38647C754AB0DAE6FC /* CompanyModels.swift */; };
		0EF23B05A157EDE5A6F4353E /* MeetingRoomView.swift in Sources */ = {isa = PBXBuildFile; fileRef = 4623FA8A91FDD6D355D57CC1 /* MeetingRoomView.swift */; };
		15A7A88BF38554CF1F36C9D2 /* AutomationView.swift in Sources */ = {isa = PBXBuildFile; fileRef = 807857BE22921684D97BFA7C /* AutomationView.swift */; };
		1AA7FF986A9B2E99F7E2C761 /* HermesRuntimeController.swift in Sources */ = {isa = PBXBuildFile; fileRef = B54790C4C30E2D52C1317A44 /* HermesRuntimeController.swift */; };
		26ED31ED579423F70550CCDE /* LiveActivityManager.swift in Sources */ = {isa = PBXBuildFile; fileRef = 77BB72457CE4E9DACAF804B0 /* LiveActivityManager.swift */; };
		2ABB073FAA7917BBE6D326F0 /* CompanyChatView.swift in Sources */ = {isa = PBXBuildFile; fileRef = 4E8948949B9BA44BC4376297 /* CompanyChatView.swift */; };
		30D5A285CDD625D873AA9CB7 /* HermesRelayConfiguration.swift in Sources */ = {isa = PBXBuildFile; fileRef = 313183487B9C635A61FEAB23 /* HermesRelayConfiguration.swift */; };
		36A3BE4286A2420373868145 /* OrgView.swift in Sources */ = {isa = PBXBuildFile; fileRef = 9583C34CAAA7A296F9892F92 /* OrgView.swift */; };
		381334B3B0532FD0D4E932E9 /* OrgChart.swift in Sources */ = {isa = PBXBuildFile; fileRef = 6B0EE52F403CB85A2123A838 /* OrgChart.swift */; };
		3E03710A5DAF03B292768057 /* ScheduleMeetingView.swift in Sources */ = {isa = PBXBuildFile; fileRef = 4AA37B3F36693958B8E01CDA /* ScheduleMeetingView.swift */; };
		43C3CB7D8C822A5D8D738BE8 /* HermesMobileApp.swift in Sources */ = {isa = PBXBuildFile; fileRef = 870F8ABC8F8D019024E4167E /* HermesMobileApp.swift */; };
		4B46CC3792EC20C402FACD80 /* AgentChatView.swift in Sources */ = {isa = PBXBuildFile; fileRef = 1066EB88F06EA45A38169BC8 /* AgentChatView.swift */; };
		4E6E9262462DBAA712B5FF97 /* OrgGenesisView.swift in Sources */ = {isa = PBXBuildFile; fileRef = 8AABB8D0911CE78CEF31C037 /* OrgGenesisView.swift */; };
		5481BDD23A298AD9394491F8 /* VoiceNoteRecorder.swift in Sources */ = {isa = PBXBuildFile; fileRef = 3FC4AFFFD966ED77FBD74BFD /* VoiceNoteRecorder.swift */; };
		55A254D9D9801437C3A5FBF2 /* SampleData.swift in Sources */ = {isa = PBXBuildFile; fileRef = A7C72351F624D9067A6593BC /* SampleData.swift */; };
		5AACAD4ABB3DC6BF0713EBA7 /* OrgStore.swift in Sources */ = {isa = PBXBuildFile; fileRef = F87B828D938EDE76E6FDC479 /* OrgStore.swift */; };
		5CAF6764D5362915517C7253 /* MeetingHub.swift in Sources */ = {isa = PBXBuildFile; fileRef = D41257AA57D04DF87BC4596A /* MeetingHub.swift */; };
		6559090FF08DC35938790176 /* RuntimeView.swift in Sources */ = {isa = PBXBuildFile; fileRef = 4CFD95E91706EC2DEAB8F2A9 /* RuntimeView.swift */; };
		664C2194399C762E2D583F7F /* BriefingCenter.swift in Sources */ = {isa = PBXBuildFile; fileRef = 2626C8F8FDBCDD22605B116D /* BriefingCenter.swift */; };
		7314D325401916B765981C76 /* DebateEngine.swift in Sources */ = {isa = PBXBuildFile; fileRef = 882DE1167A914E1F404B3916 /* DebateEngine.swift */; };
		73A0BDDFB00E5DA6DDDA3F13 /* AppRouter.swift in Sources */ = {isa = PBXBuildFile; fileRef = 04158BC97CE03664D11C6433 /* AppRouter.swift */; };
		7DAE762CF6D4C54F96AA4199 /* PairingScannerView.swift in Sources */ = {isa = PBXBuildFile; fileRef = 7B9BE1D3AFF7B0C6C1D12557 /* PairingScannerView.swift */; };
		7FC5FE4DA671ABF78B9CF99C /* AgentRobot.swift in Sources */ = {isa = PBXBuildFile; fileRef = 2646C5297D88543C393037C3 /* AgentRobot.swift */; };
		8468FEDECC3F787844D624A4 /* MeetingsView.swift in Sources */ = {isa = PBXBuildFile; fileRef = 391D8E495DD5A0CCC603D2FF /* MeetingsView.swift */; };
		8672385E893940254B122F88 /* AgentProfileStoreTests.swift in Sources */ = {isa = PBXBuildFile; fileRef = F93355D12DC7DC890EF87D78 /* AgentProfileStoreTests.swift */; };
		8B6D7ECC5032976A75F3C56E /* BriefingView.swift in Sources */ = {isa = PBXBuildFile; fileRef = F01B7E117BEE20AC80F8D22A /* BriefingView.swift */; };
		8C58AA755C94D8003D875C29 /* SettingsView.swift in Sources */ = {isa = PBXBuildFile; fileRef = F4BB4C0BB4BA55F3815F9C13 /* SettingsView.swift */; };
		8EFF3077A0C602C4481AE4D9 /* RootView.swift in Sources */ = {isa = PBXBuildFile; fileRef = 7D92B2906F312487779F2AE7 /* RootView.swift */; };
		8F17B8F791B137933C419BD8 /* AgentEditorView.swift in Sources */ = {isa = PBXBuildFile; fileRef = 0015EB50F827EBDE19809657 /* AgentEditorView.swift */; };
		96CB5F2423C81E75F6494C2A /* HermesPairingPayload.swift in Sources */ = {isa = PBXBuildFile; fileRef = 56E875A6E4D0D9AAFD16F7BB /* HermesPairingPayload.swift */; };
		9CEF2A0132AE16F54F450EEE /* ARHeadquartersView.swift in Sources */ = {isa = PBXBuildFile; fileRef = 1B0C8A17AFBE7A3038C509F9 /* ARHeadquartersView.swift */; };
		9E2D68FDC746B64C5644D42E /* CommandCenterView.swift in Sources */ = {isa = PBXBuildFile; fileRef = 75A29F98C8E82D33D8DC9C70 /* CommandCenterView.swift */; };
		9F522956F3381D187424D2BF /* CompanyFloorView.swift in Sources */ = {isa = PBXBuildFile; fileRef = 2CD7B886FA5A99CFC794902E /* CompanyFloorView.swift */; };
		A5AFBD9126705E2BACA7B86C /* BoardroomView.swift in Sources */ = {isa = PBXBuildFile; fileRef = 4E5F8E9879A2FCF0521318C2 /* BoardroomView.swift */; };
		A5C5496FD6230FCBE20EF269 /* HermesPairingPayloadTests.swift in Sources */ = {isa = PBXBuildFile; fileRef = 770EC7AC86F254092DDEA9BA /* HermesPairingPayloadTests.swift */; };
		A92891D1AFD27A1DAB52690E /* MemosView.swift in Sources */ = {isa = PBXBuildFile; fileRef = 86D41F6A51E60529D0DE79ED /* MemosView.swift */; };
		ABE1B1AA7A9832FA834CC40C /* SharedComponents.swift in Sources */ = {isa = PBXBuildFile; fileRef = E6A6C79E72E4E55D11B9B877 /* SharedComponents.swift */; };
		ADFC62A32D8F912AA8058FA9 /* HermesRuntime.swift in Sources */ = {isa = PBXBuildFile; fileRef = C884539ECE1A448019F61161 /* HermesRuntime.swift */; };
		AE8372ADC4AC00548D11F005 /* GatewayView.swift in Sources */ = {isa = PBXBuildFile; fileRef = F2F02DDDC0D71252B909108F /* GatewayView.swift */; };
		B154F6DE554630CFEF742AAC /* NewAgentView.swift in Sources */ = {isa = PBXBuildFile; fileRef = 84BC58130FBD7A662B291523 /* NewAgentView.swift */; };
		B4322F54BDE465B0C9153C2B /* DebateView.swift in Sources */ = {isa = PBXBuildFile; fileRef = 2ADBB3BC9934EA0D0F1A277C /* DebateView.swift */; };
		B594180535DB57AFC05B3518 /* AgentProfileStore.swift in Sources */ = {isa = PBXBuildFile; fileRef = 88BA159D6D0B3F9D2A44CE2D /* AgentProfileStore.swift */; };
		BF10D11A84B2F646E88C3AA3 /* HermesTheme.swift in Sources */ = {isa = PBXBuildFile; fileRef = F38205984D7930C3EA572153 /* HermesTheme.swift */; };
		CD9C171070CDA0DCE6BAB3C1 /* AttendeePickerView.swift in Sources */ = {isa = PBXBuildFile; fileRef = 0C6980FD7D0211B3AE19AD3D /* AttendeePickerView.swift */; };
		D2F653C9600D274587A7F0F2 /* KeychainStore.swift in Sources */ = {isa = PBXBuildFile; fileRef = 7A016F8DF06EDD07D109EB44 /* KeychainStore.swift */; };
		DE86A7997827EECFB8DC32AA /* SoulLibrary.swift in Sources */ = {isa = PBXBuildFile; fileRef = 619F5BA3CF521B48B2AB9883 /* SoulLibrary.swift */; };
		E03E75A04F0EB2619AA8805E /* Assets.xcassets in Resources */ = {isa = PBXBuildFile; fileRef = 26594EA5167E7A6317CE0697 /* Assets.xcassets */; };
		E34387B4FFF272BF008D7ACB /* AgentsView.swift in Sources */ = {isa = PBXBuildFile; fileRef = 45E0D86137DEE236DD964471 /* AgentsView.swift */; };
		E54139CD39BD2B28788D7F84 /* AgentCallView.swift in Sources */ = {isa = PBXBuildFile; fileRef = 38668707431A768BE81F56F1 /* AgentCallView.swift */; };
		E81AABBE28800046872C21BF /* AgentProfile.swift in Sources */ = {isa = PBXBuildFile; fileRef = C8F5B400CA06044E0CD98748 /* AgentProfile.swift */; };
		EFE2494389791F38BE4E1BAB /* CompanyStore.swift in Sources */ = {isa = PBXBuildFile; fileRef = 7419D7DE86264D7E83BA80BB /* CompanyStore.swift */; };
		F1C7D3EC6A4115443CE0D0E8 /* AgentStudio3DView.swift in Sources */ = {isa = PBXBuildFile; fileRef = E91D0035CF2FB2A47AB31AFA /* AgentStudio3DView.swift */; };
		F82EC87195EF3AC1E7A40228 /* HermesActivityAttributes.swift in Sources */ = {isa = PBXBuildFile; fileRef = 078C83E5060FEBACAC22F2F2 /* HermesActivityAttributes.swift */; };
		FA79F1A82E52A2B9145D4844 /* HermesRuntimeBridge.swift in Sources */ = {isa = PBXBuildFile; fileRef = 9ECC05CC786200BD42ED70F9 /* HermesRuntimeBridge.swift */; };
		FB6B9AAA9D1F0C101104BA0D /* AgentVoice.swift in Sources */ = {isa = PBXBuildFile; fileRef = D81B5889095E4C322599E210 /* AgentVoice.swift */; };
		FBBCB3AD9876BC6BBA841C6B /* HermesRelayClient.swift in Sources */ = {isa = PBXBuildFile; fileRef = 08E2C994A79CA04E3D4570C8 /* HermesRelayClient.swift */; };
		FC62D8D2D880270AC6FCDC82 /* WarRoomView.swift in Sources */ = {isa = PBXBuildFile; fileRef = 82313F8C45B36C74EB40C3B7 /* WarRoomView.swift */; };
/* End PBXBuildFile section */

/* Begin PBXContainerItemProxy section */
		C0035DFAE736CD216744D2C4 /* PBXContainerItemProxy */ = {
			isa = PBXContainerItemProxy;
			containerPortal = 2358AE5B1FB017C5923C2FD9 /* Project object */;
			proxyType = 1;
			remoteGlobalIDString = E084E7061D97A1CB68FAED6E;
			remoteInfo = HermesMobile;
		};
/* End PBXContainerItemProxy section */

/* Begin PBXFileReference section */
		0015EB50F827EBDE19809657 /* AgentEditorView.swift */ = {isa = PBXFileReference; lastKnownFileType = sourcecode.swift; path = AgentEditorView.swift; sourceTree = "<group>"; };
		04158BC97CE03664D11C6433 /* AppRouter.swift */ = {isa = PBXFileReference; lastKnownFileType = sourcecode.swift; path = AppRouter.swift; sourceTree = "<group>"; };
		078C83E5060FEBACAC22F2F2 /* HermesActivityAttributes.swift */ = {isa = PBXFileReference; lastKnownFileType = sourcecode.swift; path = HermesActivityAttributes.swift; sourceTree = "<group>"; };
		08E2C994A79CA04E3D4570C8 /* HermesRelayClient.swift */ = {isa = PBXFileReference; lastKnownFileType = sourcecode.swift; path = HermesRelayClient.swift; sourceTree = "<group>"; };
		0C6980FD7D0211B3AE19AD3D /* AttendeePickerView.swift */ = {isa = PBXFileReference; lastKnownFileType = sourcecode.swift; path = AttendeePickerView.swift; sourceTree = "<group>"; };
		1066EB88F06EA45A38169BC8 /* AgentChatView.swift */ = {isa = PBXFileReference; lastKnownFileType = sourcecode.swift; path = AgentChatView.swift; sourceTree = "<group>"; };
		1B0C8A17AFBE7A3038C509F9 /* ARHeadquartersView.swift */ = {isa = PBXFileReference; lastKnownFileType = sourcecode.swift; path = ARHeadquartersView.swift; sourceTree = "<group>"; };
		2626C8F8FDBCDD22605B116D /* BriefingCenter.swift */ = {isa = PBXFileReference; lastKnownFileType = sourcecode.swift; path = BriefingCenter.swift; sourceTree = "<group>"; };
		2646C5297D88543C393037C3 /* AgentRobot.swift */ = {isa = PBXFileReference; lastKnownFileType = sourcecode.swift; path = AgentRobot.swift; sourceTree = "<group>"; };
		26594EA5167E7A6317CE0697 /* Assets.xcassets */ = {isa = PBXFileReference; lastKnownFileType = folder.assetcatalog; path = Assets.xcassets; sourceTree = "<group>"; };
		2ADBB3BC9934EA0D0F1A277C /* DebateView.swift */ = {isa = PBXFileReference; lastKnownFileType = sourcecode.swift; path = DebateView.swift; sourceTree = "<group>"; };
		2CD7B886FA5A99CFC794902E /* CompanyFloorView.swift */ = {isa = PBXFileReference; lastKnownFileType = sourcecode.swift; path = CompanyFloorView.swift; sourceTree = "<group>"; };
		2E1ACF38647C754AB0DAE6FC /* CompanyModels.swift */ = {isa = PBXFileReference; lastKnownFileType = sourcecode.swift; path = CompanyModels.swift; sourceTree = "<group>"; };
		313183487B9C635A61FEAB23 /* HermesRelayConfiguration.swift */ = {isa = PBXFileReference; lastKnownFileType = sourcecode.swift; path = HermesRelayConfiguration.swift; sourceTree = "<group>"; };
		38668707431A768BE81F56F1 /* AgentCallView.swift */ = {isa = PBXFileReference; lastKnownFileType = sourcecode.swift; path = AgentCallView.swift; sourceTree = "<group>"; };
		391D8E495DD5A0CCC603D2FF /* MeetingsView.swift */ = {isa = PBXFileReference; lastKnownFileType = sourcecode.swift; path = MeetingsView.swift; sourceTree = "<group>"; };
		3FC4AFFFD966ED77FBD74BFD /* VoiceNoteRecorder.swift */ = {isa = PBXFileReference; lastKnownFileType = sourcecode.swift; path = VoiceNoteRecorder.swift; sourceTree = "<group>"; };
		45E0D86137DEE236DD964471 /* AgentsView.swift */ = {isa = PBXFileReference; lastKnownFileType = sourcecode.swift; path = AgentsView.swift; sourceTree = "<group>"; };
		4623FA8A91FDD6D355D57CC1 /* MeetingRoomView.swift */ = {isa = PBXFileReference; lastKnownFileType = sourcecode.swift; path = MeetingRoomView.swift; sourceTree = "<group>"; };
		4AA37B3F36693958B8E01CDA /* ScheduleMeetingView.swift */ = {isa = PBXFileReference; lastKnownFileType = sourcecode.swift; path = ScheduleMeetingView.swift; sourceTree = "<group>"; };
		4CFD95E91706EC2DEAB8F2A9 /* RuntimeView.swift */ = {isa = PBXFileReference; lastKnownFileType = sourcecode.swift; path = RuntimeView.swift; sourceTree = "<group>"; };
		4E5F8E9879A2FCF0521318C2 /* BoardroomView.swift */ = {isa = PBXFileReference; lastKnownFileType = sourcecode.swift; path = BoardroomView.swift; sourceTree = "<group>"; };
		4E8948949B9BA44BC4376297 /* CompanyChatView.swift */ = {isa = PBXFileReference; lastKnownFileType = sourcecode.swift; path = CompanyChatView.swift; sourceTree = "<group>"; };
		56E875A6E4D0D9AAFD16F7BB /* HermesPairingPayload.swift */ = {isa = PBXFileReference; lastKnownFileType = sourcecode.swift; path = HermesPairingPayload.swift; sourceTree = "<group>"; };
		619F5BA3CF521B48B2AB9883 /* SoulLibrary.swift */ = {isa = PBXFileReference; lastKnownFileType = sourcecode.swift; path = SoulLibrary.swift; sourceTree = "<group>"; };
		6B0EE52F403CB85A2123A838 /* OrgChart.swift */ = {isa = PBXFileReference; lastKnownFileType = sourcecode.swift; path = OrgChart.swift; sourceTree = "<group>"; };
		7419D7DE86264D7E83BA80BB /* CompanyStore.swift */ = {isa = PBXFileReference; lastKnownFileType = sourcecode.swift; path = CompanyStore.swift; sourceTree = "<group>"; };
		75A29F98C8E82D33D8DC9C70 /* CommandCenterView.swift */ = {isa = PBXFileReference; lastKnownFileType = sourcecode.swift; path = CommandCenterView.swift; sourceTree = "<group>"; };
		770EC7AC86F254092DDEA9BA /* HermesPairingPayloadTests.swift */ = {isa = PBXFileReference; lastKnownFileType = sourcecode.swift; path = HermesPairingPayloadTests.swift; sourceTree = "<group>"; };
		77BB72457CE4E9DACAF804B0 /* LiveActivityManager.swift */ = {isa = PBXFileReference; lastKnownFileType = sourcecode.swift; path = LiveActivityManager.swift; sourceTree = "<group>"; };
		7A016F8DF06EDD07D109EB44 /* KeychainStore.swift */ = {isa = PBXFileReference; lastKnownFileType = sourcecode.swift; path = KeychainStore.swift; sourceTree = "<group>"; };
		7B9BE1D3AFF7B0C6C1D12557 /* PairingScannerView.swift */ = {isa = PBXFileReference; lastKnownFileType = sourcecode.swift; path = PairingScannerView.swift; sourceTree = "<group>"; };
		7D92B2906F312487779F2AE7 /* RootView.swift */ = {isa = PBXFileReference; lastKnownFileType = sourcecode.swift; path = RootView.swift; sourceTree = "<group>"; };
		807857BE22921684D97BFA7C /* AutomationView.swift */ = {isa = PBXFileReference; lastKnownFileType = sourcecode.swift; path = AutomationView.swift; sourceTree = "<group>"; };
		82313F8C45B36C74EB40C3B7 /* WarRoomView.swift */ = {isa = PBXFileReference; lastKnownFileType = sourcecode.swift; path = WarRoomView.swift; sourceTree = "<group>"; };
		84BC58130FBD7A662B291523 /* NewAgentView.swift */ = {isa = PBXFileReference; lastKnownFileType = sourcecode.swift; path = NewAgentView.swift; sourceTree = "<group>"; };
		86D41F6A51E60529D0DE79ED /* MemosView.swift */ = {isa = PBXFileReference; lastKnownFileType = sourcecode.swift; path = MemosView.swift; sourceTree = "<group>"; };
		870F8ABC8F8D019024E4167E /* HermesMobileApp.swift */ = {isa = PBXFileReference; lastKnownFileType = sourcecode.swift; path = HermesMobileApp.swift; sourceTree = "<group>"; };
		882DE1167A914E1F404B3916 /* DebateEngine.swift */ = {isa = PBXFileReference; lastKnownFileType = sourcecode.swift; path = DebateEngine.swift; sourceTree = "<group>"; };
		88BA159D6D0B3F9D2A44CE2D /* AgentProfileStore.swift */ = {isa = PBXFileReference; lastKnownFileType = sourcecode.swift; path = AgentProfileStore.swift; sourceTree = "<group>"; };
		8AABB8D0911CE78CEF31C037 /* OrgGenesisView.swift */ = {isa = PBXFileReference; lastKnownFileType = sourcecode.swift; path = OrgGenesisView.swift; sourceTree = "<group>"; };
		9583C34CAAA7A296F9892F92 /* OrgView.swift */ = {isa = PBXFileReference; lastKnownFileType = sourcecode.swift; path = OrgView.swift; sourceTree = "<group>"; };
		9ECC05CC786200BD42ED70F9 /* HermesRuntimeBridge.swift */ = {isa = PBXFileReference; lastKnownFileType = sourcecode.swift; path = HermesRuntimeBridge.swift; sourceTree = "<group>"; };
		A7C72351F624D9067A6593BC /* SampleData.swift */ = {isa = PBXFileReference; lastKnownFileType = sourcecode.swift; path = SampleData.swift; sourceTree = "<group>"; };
		B54790C4C30E2D52C1317A44 /* HermesRuntimeController.swift */ = {isa = PBXFileReference; lastKnownFileType = sourcecode.swift; path = HermesRuntimeController.swift; sourceTree = "<group>"; };
		C884539ECE1A448019F61161 /* HermesRuntime.swift */ = {isa = PBXFileReference; lastKnownFileType = sourcecode.swift; path = HermesRuntime.swift; sourceTree = "<group>"; };
		C8F5B400CA06044E0CD98748 /* AgentProfile.swift */ = {isa = PBXFileReference; lastKnownFileType = sourcecode.swift; path = AgentProfile.swift; sourceTree = "<group>"; };
		CC94FDD251C876AFDBD6305E /* HermesMobileTests.xctest */ = {isa = PBXFileReference; includeInIndex = 0; lastKnownFileType = wrapper.cfbundle; path = HermesMobileTests.xctest; sourceTree = BUILT_PRODUCTS_DIR; };
		D41257AA57D04DF87BC4596A /* MeetingHub.swift */ = {isa = PBXFileReference; lastKnownFileType = sourcecode.swift; path = MeetingHub.swift; sourceTree = "<group>"; };
		D81B5889095E4C322599E210 /* AgentVoice.swift */ = {isa = PBXFileReference; lastKnownFileType = sourcecode.swift; path = AgentVoice.swift; sourceTree = "<group>"; };
		E11909D98B0F5781E0DA91D1 /* HermesMobile.app */ = {isa = PBXFileReference; includeInIndex = 0; lastKnownFileType = wrapper.application; path = HermesMobile.app; sourceTree = BUILT_PRODUCTS_DIR; };
		E6A6C79E72E4E55D11B9B877 /* SharedComponents.swift */ = {isa = PBXFileReference; lastKnownFileType = sourcecode.swift; path = SharedComponents.swift; sourceTree = "<group>"; };
		E91D0035CF2FB2A47AB31AFA /* AgentStudio3DView.swift */ = {isa = PBXFileReference; lastKnownFileType = sourcecode.swift; path = AgentStudio3DView.swift; sourceTree = "<group>"; };
		F01B7E117BEE20AC80F8D22A /* BriefingView.swift */ = {isa = PBXFileReference; lastKnownFileType = sourcecode.swift; path = BriefingView.swift; sourceTree = "<group>"; };
		F2F02DDDC0D71252B909108F /* GatewayView.swift */ = {isa = PBXFileReference; lastKnownFileType = sourcecode.swift; path = GatewayView.swift; sourceTree = "<group>"; };
		F38205984D7930C3EA572153 /* HermesTheme.swift */ = {isa = PBXFileReference; lastKnownFileType = sourcecode.swift; path = HermesTheme.swift; sourceTree = "<group>"; };
		F4BB4C0BB4BA55F3815F9C13 /* SettingsView.swift */ = {isa = PBXFileReference; lastKnownFileType = sourcecode.swift; path = SettingsView.swift; sourceTree = "<group>"; };
		F87B828D938EDE76E6FDC479 /* OrgStore.swift */ = {isa = PBXFileReference; lastKnownFileType = sourcecode.swift; path = OrgStore.swift; sourceTree = "<group>"; };
		F93355D12DC7DC890EF87D78 /* AgentProfileStoreTests.swift */ = {isa = PBXFileReference; lastKnownFileType = sourcecode.swift; path = AgentProfileStoreTests.swift; sourceTree = "<group>"; };
/* End PBXFileReference section */

/* Begin PBXGroup section */
		0BEEFDC62BF90FFC62675413 /* Views */ = {
			isa = PBXGroup;
			children = (
				38668707431A768BE81F56F1 /* AgentCallView.swift */,
				1066EB88F06EA45A38169BC8 /* AgentChatView.swift */,
				0015EB50F827EBDE19809657 /* AgentEditorView.swift */,
				2646C5297D88543C393037C3 /* AgentRobot.swift */,
				E91D0035CF2FB2A47AB31AFA /* AgentStudio3DView.swift */,
				45E0D86137DEE236DD964471 /* AgentsView.swift */,
				1B0C8A17AFBE7A3038C509F9 /* ARHeadquartersView.swift */,
				0C6980FD7D0211B3AE19AD3D /* AttendeePickerView.swift */,
				807857BE22921684D97BFA7C /* AutomationView.swift */,
				4E5F8E9879A2FCF0521318C2 /* BoardroomView.swift */,
				F01B7E117BEE20AC80F8D22A /* BriefingView.swift */,
				75A29F98C8E82D33D8DC9C70 /* CommandCenterView.swift */,
				4E8948949B9BA44BC4376297 /* CompanyChatView.swift */,
				2CD7B886FA5A99CFC794902E /* CompanyFloorView.swift */,
				2ADBB3BC9934EA0D0F1A277C /* DebateView.swift */,
				F2F02DDDC0D71252B909108F /* GatewayView.swift */,
				F38205984D7930C3EA572153 /* HermesTheme.swift */,
				4623FA8A91FDD6D355D57CC1 /* MeetingRoomView.swift */,
				391D8E495DD5A0CCC603D2FF /* MeetingsView.swift */,
				86D41F6A51E60529D0DE79ED /* MemosView.swift */,
				84BC58130FBD7A662B291523 /* NewAgentView.swift */,
				8AABB8D0911CE78CEF31C037 /* OrgGenesisView.swift */,
				9583C34CAAA7A296F9892F92 /* OrgView.swift */,
				7B9BE1D3AFF7B0C6C1D12557 /* PairingScannerView.swift */,
				7D92B2906F312487779F2AE7 /* RootView.swift */,
				4CFD95E91706EC2DEAB8F2A9 /* RuntimeView.swift */,
				4AA37B3F36693958B8E01CDA /* ScheduleMeetingView.swift */,
				F4BB4C0BB4BA55F3815F9C13 /* SettingsView.swift */,
				E6A6C79E72E4E55D11B9B877 /* SharedComponents.swift */,
				82313F8C45B36C74EB40C3B7 /* WarRoomView.swift */,
			);
			path = Views;
			sourceTree = "<group>";
		};
		2C0E0892137AA72D9468922E /* HermesMobile */ = {
			isa = PBXGroup;
			children = (
				26594EA5167E7A6317CE0697 /* Assets.xcassets */,
				870F8ABC8F8D019024E4167E /* HermesMobileApp.swift */,
				EB9D79947231ED36180C2C4A /* Models */,
				935A329D7833E4DC9AFD0FD4 /* Services */,
				0BEEFDC62BF90FFC62675413 /* Views */,
			);
			name = HermesMobile;
			path = HermesMobile/Sources/HermesMobile;
			sourceTree = "<group>";
		};
		885E8F8307636D94085EA353 /* Products */ = {
			isa = PBXGroup;
			children = (
				E11909D98B0F5781E0DA91D1 /* HermesMobile.app */,
				CC94FDD251C876AFDBD6305E /* HermesMobileTests.xctest */,
			);
			name = Products;
			sourceTree = "<group>";
		};
		935A329D7833E4DC9AFD0FD4 /* Services */ = {
			isa = PBXGroup;
			children = (
				88BA159D6D0B3F9D2A44CE2D /* AgentProfileStore.swift */,
				D81B5889095E4C322599E210 /* AgentVoice.swift */,
				04158BC97CE03664D11C6433 /* AppRouter.swift */,
				2626C8F8FDBCDD22605B116D /* BriefingCenter.swift */,
				7419D7DE86264D7E83BA80BB /* CompanyStore.swift */,
				882DE1167A914E1F404B3916 /* DebateEngine.swift */,
				08E2C994A79CA04E3D4570C8 /* HermesRelayClient.swift */,
				9ECC05CC786200BD42ED70F9 /* HermesRuntimeBridge.swift */,
				B54790C4C30E2D52C1317A44 /* HermesRuntimeController.swift */,
				7A016F8DF06EDD07D109EB44 /* KeychainStore.swift */,
				77BB72457CE4E9DACAF804B0 /* LiveActivityManager.swift */,
				D41257AA57D04DF87BC4596A /* MeetingHub.swift */,
				F87B828D938EDE76E6FDC479 /* OrgStore.swift */,
				A7C72351F624D9067A6593BC /* SampleData.swift */,
				619F5BA3CF521B48B2AB9883 /* SoulLibrary.swift */,
				3FC4AFFFD966ED77FBD74BFD /* VoiceNoteRecorder.swift */,
			);
			path = Services;
			sourceTree = "<group>";
		};
		9C206139AC908A0338E738A2 = {
			isa = PBXGroup;
			children = (
				2C0E0892137AA72D9468922E /* HermesMobile */,
				DCAF922B1A9CC02164A1596F /* HermesMobileTests */,
				885E8F8307636D94085EA353 /* Products */,
			);
			sourceTree = "<group>";
		};
		DCAF922B1A9CC02164A1596F /* HermesMobileTests */ = {
			isa = PBXGroup;
			children = (
				F93355D12DC7DC890EF87D78 /* AgentProfileStoreTests.swift */,
				770EC7AC86F254092DDEA9BA /* HermesPairingPayloadTests.swift */,
			);
			name = HermesMobileTests;
			path = HermesMobile/Tests/HermesMobileTests;
			sourceTree = "<group>";
		};
		EB9D79947231ED36180C2C4A /* Models */ = {
			isa = PBXGroup;
			children = (
				C8F5B400CA06044E0CD98748 /* AgentProfile.swift */,
				2E1ACF38647C754AB0DAE6FC /* CompanyModels.swift */,
				078C83E5060FEBACAC22F2F2 /* HermesActivityAttributes.swift */,
				56E875A6E4D0D9AAFD16F7BB /* HermesPairingPayload.swift */,
				313183487B9C635A61FEAB23 /* HermesRelayConfiguration.swift */,
				C884539ECE1A448019F61161 /* HermesRuntime.swift */,
				6B0EE52F403CB85A2123A838 /* OrgChart.swift */,
			);
			path = Models;
			sourceTree = "<group>";
		};
/* End PBXGroup section */

/* Begin PBXNativeTarget section */
		7B04007FC76BC95C646A4BA8 /* HermesMobileTests */ = {
			isa = PBXNativeTarget;
			buildConfigurationList = 4A8053146615346B324A482D /* Build configuration list for PBXNativeTarget "HermesMobileTests" */;
			buildPhases = (
				C1B6E45123C8F8FCD73F69C1 /* Sources */,
			);
			buildRules = (
			);
			dependencies = (
				E989EF5AAB0702AB5E4C268F /* PBXTargetDependency */,
			);
			name = HermesMobileTests;
			packageProductDependencies = (
			);
			productName = HermesMobileTests;
			productReference = CC94FDD251C876AFDBD6305E /* HermesMobileTests.xctest */;
			productType = "com.apple.product-type.bundle.unit-test";
		};
		E084E7061D97A1CB68FAED6E /* HermesMobile */ = {
			isa = PBXNativeTarget;
			buildConfigurationList = D9CFAD2A6811924773EAA436 /* Build configuration list for PBXNativeTarget "HermesMobile" */;
			buildPhases = (
				C30EAA427FABE72439E74689 /* Sources */,
				8E5F38C741065CFEF6FF717A /* Resources */,
			);
			buildRules = (
			);
			dependencies = (
			);
			name = HermesMobile;
			packageProductDependencies = (
			);
			productName = HermesMobile;
			productReference = E11909D98B0F5781E0DA91D1 /* HermesMobile.app */;
			productType = "com.apple.product-type.application";
		};
/* End PBXNativeTarget section */

/* Begin PBXProject section */
		2358AE5B1FB017C5923C2FD9 /* Project object */ = {
			isa = PBXProject;
			attributes = {
				BuildIndependentTargetsInParallel = YES;
				LastUpgradeCheck = 1430;
				TargetAttributes = {
					7B04007FC76BC95C646A4BA8 = {
						DevelopmentTeam = 5W63NRSP25;
						ProvisioningStyle = Automatic;
					};
					E084E7061D97A1CB68FAED6E = {
						DevelopmentTeam = 5W63NRSP25;
						ProvisioningStyle = Automatic;
					};
				};
			};
			buildConfigurationList = BECE5B0010C9DFA1B71C3AFC /* Build configuration list for PBXProject "HermesMobile" */;
			developmentRegion = en;
			hasScannedForEncodings = 0;
			knownRegions = (
				Base,
				en,
			);
			mainGroup = 9C206139AC908A0338E738A2;
			minimizedProjectReferenceProxies = 1;
			preferredProjectObjectVersion = 77;
			productRefGroup = 885E8F8307636D94085EA353 /* Products */;
			projectDirPath = "";
			projectRoot = "";
			targets = (
				E084E7061D97A1CB68FAED6E /* HermesMobile */,
				7B04007FC76BC95C646A4BA8 /* HermesMobileTests */,
			);
		};
/* End PBXProject section */

/* Begin PBXResourcesBuildPhase section */
		8E5F38C741065CFEF6FF717A /* Resources */ = {
			isa = PBXResourcesBuildPhase;
			buildActionMask = 2147483647;
			files = (
				E03E75A04F0EB2619AA8805E /* Assets.xcassets in Resources */,
			);
			runOnlyForDeploymentPostprocessing = 0;
		};
/* End PBXResourcesBuildPhase section */

/* Begin PBXSourcesBuildPhase section */
		C1B6E45123C8F8FCD73F69C1 /* Sources */ = {
			isa = PBXSourcesBuildPhase;
			buildActionMask = 2147483647;
			files = (
				8672385E893940254B122F88 /* AgentProfileStoreTests.swift in Sources */,
				A5C5496FD6230FCBE20EF269 /* HermesPairingPayloadTests.swift in Sources */,
			);
			runOnlyForDeploymentPostprocessing = 0;
		};
		C30EAA427FABE72439E74689 /* Sources */ = {
			isa = PBXSourcesBuildPhase;
			buildActionMask = 2147483647;
			files = (
				9CEF2A0132AE16F54F450EEE /* ARHeadquartersView.swift in Sources */,
				E54139CD39BD2B28788D7F84 /* AgentCallView.swift in Sources */,
				4B46CC3792EC20C402FACD80 /* AgentChatView.swift in Sources */,
				8F17B8F791B137933C419BD8 /* AgentEditorView.swift in Sources */,
				E81AABBE28800046872C21BF /* AgentProfile.swift in Sources */,
				B594180535DB57AFC05B3518 /* AgentProfileStore.swift in Sources */,
				7FC5FE4DA671ABF78B9CF99C /* AgentRobot.swift in Sources */,
				F1C7D3EC6A4115443CE0D0E8 /* AgentStudio3DView.swift in Sources */,
				FB6B9AAA9D1F0C101104BA0D /* AgentVoice.swift in Sources */,
				E34387B4FFF272BF008D7ACB /* AgentsView.swift in Sources */,
				73A0BDDFB00E5DA6DDDA3F13 /* AppRouter.swift in Sources */,
				CD9C171070CDA0DCE6BAB3C1 /* AttendeePickerView.swift in Sources */,
				15A7A88BF38554CF1F36C9D2 /* AutomationView.swift in Sources */,
				A5AFBD9126705E2BACA7B86C /* BoardroomView.swift in Sources */,
				664C2194399C762E2D583F7F /* BriefingCenter.swift in Sources */,
				8B6D7ECC5032976A75F3C56E /* BriefingView.swift in Sources */,
				9E2D68FDC746B64C5644D42E /* CommandCenterView.swift in Sources */,
				2ABB073FAA7917BBE6D326F0 /* CompanyChatView.swift in Sources */,
				9F522956F3381D187424D2BF /* CompanyFloorView.swift in Sources */,
				0D2A35827745D30FCE8E60FC /* CompanyModels.swift in Sources */,
				EFE2494389791F38BE4E1BAB /* CompanyStore.swift in Sources */,
				7314D325401916B765981C76 /* DebateEngine.swift in Sources */,
				B4322F54BDE465B0C9153C2B /* DebateView.swift in Sources */,
				AE8372ADC4AC00548D11F005 /* GatewayView.swift in Sources */,
				F82EC87195EF3AC1E7A40228 /* HermesActivityAttributes.swift in Sources */,
				43C3CB7D8C822A5D8D738BE8 /* HermesMobileApp.swift in Sources */,
				96CB5F2423C81E75F6494C2A /* HermesPairingPayload.swift in Sources */,
				FBBCB3AD9876BC6BBA841C6B /* HermesRelayClient.swift in Sources */,
				30D5A285CDD625D873AA9CB7 /* HermesRelayConfiguration.swift in Sources */,
				ADFC62A32D8F912AA8058FA9 /* HermesRuntime.swift in Sources */,
				FA79F1A82E52A2B9145D4844 /* HermesRuntimeBridge.swift in Sources */,
				1AA7FF986A9B2E99F7E2C761 /* HermesRuntimeController.swift in Sources */,
				BF10D11A84B2F646E88C3AA3 /* HermesTheme.swift in Sources */,
				D2F653C9600D274587A7F0F2 /* KeychainStore.swift in Sources */,
				26ED31ED579423F70550CCDE /* LiveActivityManager.swift in Sources */,
				5CAF6764D5362915517C7253 /* MeetingHub.swift in Sources */,
				0EF23B05A157EDE5A6F4353E /* MeetingRoomView.swift in Sources */,
				8468FEDECC3F787844D624A4 /* MeetingsView.swift in Sources */,
				A92891D1AFD27A1DAB52690E /* MemosView.swift in Sources */,
				B154F6DE554630CFEF742AAC /* NewAgentView.swift in Sources */,
				381334B3B0532FD0D4E932E9 /* OrgChart.swift in Sources */,
				4E6E9262462DBAA712B5FF97 /* OrgGenesisView.swift in Sources */,
				5AACAD4ABB3DC6BF0713EBA7 /* OrgStore.swift in Sources */,
				36A3BE4286A2420373868145 /* OrgView.swift in Sources */,
				7DAE762CF6D4C54F96AA4199 /* PairingScannerView.swift in Sources */,
				8EFF3077A0C602C4481AE4D9 /* RootView.swift in Sources */,
				6559090FF08DC35938790176 /* RuntimeView.swift in Sources */,
				55A254D9D9801437C3A5FBF2 /* SampleData.swift in Sources */,
				3E03710A5DAF03B292768057 /* ScheduleMeetingView.swift in Sources */,
				8C58AA755C94D8003D875C29 /* SettingsView.swift in Sources */,
				ABE1B1AA7A9832FA834CC40C /* SharedComponents.swift in Sources */,
				DE86A7997827EECFB8DC32AA /* SoulLibrary.swift in Sources */,
				5481BDD23A298AD9394491F8 /* VoiceNoteRecorder.swift in Sources */,
				FC62D8D2D880270AC6FCDC82 /* WarRoomView.swift in Sources */,
			);
			runOnlyForDeploymentPostprocessing = 0;
		};
/* End PBXSourcesBuildPhase section */

/* Begin PBXTargetDependency section */
		E989EF5AAB0702AB5E4C268F /* PBXTargetDependency */ = {
			isa = PBXTargetDependency;
			target = E084E7061D97A1CB68FAED6E /* HermesMobile */;
			targetProxy = C0035DFAE736CD216744D2C4 /* PBXContainerItemProxy */;
		};
/* End PBXTargetDependency section */

/* Begin XCBuildConfiguration section */
		42430EED93C5DA3BA63225AC /* Release */ = {
			isa = XCBuildConfiguration;
			buildSettings = {
				ALWAYS_SEARCH_USER_PATHS = NO;
				CLANG_ANALYZER_NONNULL = YES;
				CLANG_ANALYZER_NUMBER_OBJECT_CONVERSION = YES_AGGRESSIVE;
				CLANG_CXX_LANGUAGE_STANDARD = "gnu++14";
				CLANG_CXX_LIBRARY = "libc++";
				CLANG_ENABLE_MODULES = YES;
				CLANG_ENABLE_OBJC_ARC = YES;
				CLANG_ENABLE_OBJC_WEAK = YES;
				CLANG_WARN_BLOCK_CAPTURE_AUTORELEASING = YES;
				CLANG_WARN_BOOL_CONVERSION = YES;
				CLANG_WARN_COMMA = YES;
				CLANG_WARN_CONSTANT_CONVERSION = YES;
				CLANG_WARN_DEPRECATED_OBJC_IMPLEMENTATIONS = YES;
				CLANG_WARN_DIRECT_OBJC_ISA_USAGE = YES_ERROR;
				CLANG_WARN_DOCUMENTATION_COMMENTS = YES;
				CLANG_WARN_EMPTY_BODY = YES;
				CLANG_WARN_ENUM_CONVERSION = YES;
				CLANG_WARN_INFINITE_RECURSION = YES;
				CLANG_WARN_INT_CONVERSION = YES;
				CLANG_WARN_NON_LITERAL_NULL_CONVERSION = YES;
				CLANG_WARN_OBJC_IMPLICIT_RETAIN_SELF = YES;
				CLANG_WARN_OBJC_LITERAL_CONVERSION = YES;
				CLANG_WARN_OBJC_ROOT_CLASS = YES_ERROR;
				CLANG_WARN_QUOTED_INCLUDE_IN_FRAMEWORK_HEADER = YES;
				CLANG_WARN_RANGE_LOOP_ANALYSIS = YES;
				CLANG_WARN_STRICT_PROTOTYPES = YES;
				CLANG_WARN_SUSPICIOUS_MOVE = YES;
				CLANG_WARN_UNGUARDED_AVAILABILITY = YES_AGGRESSIVE;
				CLANG_WARN_UNREACHABLE_CODE = YES;
				CLANG_WARN__DUPLICATE_METHOD_MATCH = YES;
				CODE_SIGN_STYLE = Automatic;
				COPY_PHASE_STRIP = NO;
				CURRENT_PROJECT_VERSION = 1;
				DEBUG_INFORMATION_FORMAT = "dwarf-with-dsym";
				DEVELOPMENT_TEAM = 5W63NRSP25;
				ENABLE_NS_ASSERTIONS = NO;
				ENABLE_STRICT_OBJC_MSGSEND = YES;
				GCC_C_LANGUAGE_STANDARD = gnu11;
				GCC_NO_COMMON_BLOCKS = YES;
				GCC_WARN_64_TO_32_BIT_CONVERSION = YES;
				GCC_WARN_ABOUT_RETURN_TYPE = YES_ERROR;
				GCC_WARN_UNDECLARED_SELECTOR = YES;
				GCC_WARN_UNINITIALIZED_AUTOS = YES_AGGRESSIVE;
				GCC_WARN_UNUSED_FUNCTION = YES;
				GCC_WARN_UNUSED_VARIABLE = YES;
				IPHONEOS_DEPLOYMENT_TARGET = 18.0;
				MARKETING_VERSION = 0.1.0;
				MTL_ENABLE_DEBUG_INFO = NO;
				MTL_FAST_MATH = YES;
				PRODUCT_NAME = "$(TARGET_NAME)";
				SDKROOT = iphoneos;
				SWIFT_COMPILATION_MODE = wholemodule;
				SWIFT_OPTIMIZATION_LEVEL = "-O";
				SWIFT_VERSION = 6.0;
			};
			name = Release;
		};
		80800FEF16D5AFB6F13AAD75 /* Debug */ = {
			isa = XCBuildConfiguration;
			buildSettings = {
				ALWAYS_SEARCH_USER_PATHS = NO;
				CLANG_ANALYZER_NONNULL = YES;
				CLANG_ANALYZER_NUMBER_OBJECT_CONVERSION = YES_AGGRESSIVE;
				CLANG_CXX_LANGUAGE_STANDARD = "gnu++14";
				CLANG_CXX_LIBRARY = "libc++";
				CLANG_ENABLE_MODULES = YES;
				CLANG_ENABLE_OBJC_ARC = YES;
				CLANG_ENABLE_OBJC_WEAK = YES;
				CLANG_WARN_BLOCK_CAPTURE_AUTORELEASING = YES;
				CLANG_WARN_BOOL_CONVERSION = YES;
				CLANG_WARN_COMMA = YES;
				CLANG_WARN_CONSTANT_CONVERSION = YES;
				CLANG_WARN_DEPRECATED_OBJC_IMPLEMENTATIONS = YES;
				CLANG_WARN_DIRECT_OBJC_ISA_USAGE = YES_ERROR;
				CLANG_WARN_DOCUMENTATION_COMMENTS = YES;
				CLANG_WARN_EMPTY_BODY = YES;
				CLANG_WARN_ENUM_CONVERSION = YES;
				CLANG_WARN_INFINITE_RECURSION = YES;
				CLANG_WARN_INT_CONVERSION = YES;
				CLANG_WARN_NON_LITERAL_NULL_CONVERSION = YES;
				CLANG_WARN_OBJC_IMPLICIT_RETAIN_SELF = YES;
				CLANG_WARN_OBJC_LITERAL_CONVERSION = YES;
				CLANG_WARN_OBJC_ROOT_CLASS = YES_ERROR;
				CLANG_WARN_QUOTED_INCLUDE_IN_FRAMEWORK_HEADER = YES;
				CLANG_WARN_RANGE_LOOP_ANALYSIS = YES;
				CLANG_WARN_STRICT_PROTOTYPES = YES;
				CLANG_WARN_SUSPICIOUS_MOVE = YES;
				CLANG_WARN_UNGUARDED_AVAILABILITY = YES_AGGRESSIVE;
				CLANG_WARN_UNREACHABLE_CODE = YES;
				CLANG_WARN__DUPLICATE_METHOD_MATCH = YES;
				CODE_SIGN_STYLE = Automatic;
				COPY_PHASE_STRIP = NO;
				CURRENT_PROJECT_VERSION = 1;
				DEBUG_INFORMATION_FORMAT = dwarf;
				DEVELOPMENT_TEAM = 5W63NRSP25;
				ENABLE_STRICT_OBJC_MSGSEND = YES;
				ENABLE_TESTABILITY = YES;
				GCC_C_LANGUAGE_STANDARD = gnu11;
				GCC_DYNAMIC_NO_PIC = NO;
				GCC_NO_COMMON_BLOCKS = YES;
				GCC_OPTIMIZATION_LEVEL = 0;
				GCC_PREPROCESSOR_DEFINITIONS = (
					"$(inherited)",
					"DEBUG=1",
				);
				GCC_WARN_64_TO_32_BIT_CONVERSION = YES;
				GCC_WARN_ABOUT_RETURN_TYPE = YES_ERROR;
				GCC_WARN_UNDECLARED_SELECTOR = YES;
				GCC_WARN_UNINITIALIZED_AUTOS = YES_AGGRESSIVE;
				GCC_WARN_UNUSED_FUNCTION = YES;
				GCC_WARN_UNUSED_VARIABLE = YES;
				IPHONEOS_DEPLOYMENT_TARGET = 18.0;
				MARKETING_VERSION = 0.1.0;
				MTL_ENABLE_DEBUG_INFO = INCLUDE_SOURCE;
				MTL_FAST_MATH = YES;
				ONLY_ACTIVE_ARCH = YES;
				PRODUCT_NAME = "$(TARGET_NAME)";
				SDKROOT = iphoneos;
				SWIFT_ACTIVE_COMPILATION_CONDITIONS = DEBUG;
				SWIFT_OPTIMIZATION_LEVEL = "-Onone";
				SWIFT_VERSION = 6.0;
			};
			name = Debug;
		};
		95D0FF87BDB516128550E25B /* Release */ = {
			isa = XCBuildConfiguration;
			buildSettings = {
				BUNDLE_LOADER = "$(TEST_HOST)";
				GENERATE_INFOPLIST_FILE = YES;
				LD_RUNPATH_SEARCH_PATHS = (
					"$(inherited)",
					"@executable_path/Frameworks",
					"@loader_path/Frameworks",
				);
				PRODUCT_BUNDLE_IDENTIFIER = com.nousresearch.HermesMobileTests;
				SDKROOT = iphoneos;
				TARGETED_DEVICE_FAMILY = "1,2";
				TEST_HOST = "$(BUILT_PRODUCTS_DIR)/HermesMobile.app/HermesMobile";
			};
			name = Release;
		};
		B66B3E358307E760AB86E9DC /* Debug */ = {
			isa = XCBuildConfiguration;
			buildSettings = {
				ASSETCATALOG_COMPILER_APPICON_NAME = AppIcon;
				CODE_SIGN_IDENTITY = "iPhone Developer";
				INFOPLIST_FILE = HermesMobile/Info.plist;
				LD_RUNPATH_SEARCH_PATHS = (
					"$(inherited)",
					"@executable_path/Frameworks",
				);
				PRODUCT_BUNDLE_IDENTIFIER = com.nousresearch.HermesMobile;
				SDKROOT = iphoneos;
				TARGETED_DEVICE_FAMILY = "1,2";
			};
			name = Debug;
		};
		F2A197B631122A07E5B48F5B /* Release */ = {
			isa = XCBuildConfiguration;
			buildSettings = {
				ASSETCATALOG_COMPILER_APPICON_NAME = AppIcon;
				CODE_SIGN_IDENTITY = "iPhone Developer";
				INFOPLIST_FILE = HermesMobile/Info.plist;
				LD_RUNPATH_SEARCH_PATHS = (
					"$(inherited)",
					"@executable_path/Frameworks",
				);
				PRODUCT_BUNDLE_IDENTIFIER = com.nousresearch.HermesMobile;
				SDKROOT = iphoneos;
				TARGETED_DEVICE_FAMILY = "1,2";
			};
			name = Release;
		};
		F578970E7A76654DC7270619 /* Debug */ = {
			isa = XCBuildConfiguration;
			buildSettings = {
				BUNDLE_LOADER = "$(TEST_HOST)";
				GENERATE_INFOPLIST_FILE = YES;
				LD_RUNPATH_SEARCH_PATHS = (
					"$(inherited)",
					"@executable_path/Frameworks",
					"@loader_path/Frameworks",
				);
				PRODUCT_BUNDLE_IDENTIFIER = com.nousresearch.HermesMobileTests;
				SDKROOT = iphoneos;
				TARGETED_DEVICE_FAMILY = "1,2";
				TEST_HOST = "$(BUILT_PRODUCTS_DIR)/HermesMobile.app/HermesMobile";
			};
			name = Debug;
		};
/* End XCBuildConfiguration section */

/* Begin XCConfigurationList section */
		4A8053146615346B324A482D /* Build configuration list for PBXNativeTarget "HermesMobileTests" */ = {
			isa = XCConfigurationList;
			buildConfigurations = (
				F578970E7A76654DC7270619 /* Debug */,
				95D0FF87BDB516128550E25B /* Release */,
			);
			defaultConfigurationIsVisible = 0;
			defaultConfigurationName = Debug;
		};
		BECE5B0010C9DFA1B71C3AFC /* Build configuration list for PBXProject "HermesMobile" */ = {
			isa = XCConfigurationList;
			buildConfigurations = (
				80800FEF16D5AFB6F13AAD75 /* Debug */,
				42430EED93C5DA3BA63225AC /* Release */,
			);
			defaultConfigurationIsVisible = 0;
			defaultConfigurationName = Debug;
		};
		D9CFAD2A6811924773EAA436 /* Build configuration list for PBXNativeTarget "HermesMobile" */ = {
			isa = XCConfigurationList;
			buildConfigurations = (
				B66B3E358307E760AB86E9DC /* Debug */,
				F2A197B631122A07E5B48F5B /* Release */,
			);
			defaultConfigurationIsVisible = 0;
			defaultConfigurationName = Debug;
		};
/* End XCConfigurationList section */
	};
	rootObject = 2358AE5B1FB017C5923C2FD9 /* Project object */;
}
